// !$*UTF8*$!
{
	archiveVersion = 1;
	classes = {
	};
	objectVersion = 50;
	objects = {

/* Begin PBXBuildFile section */
		45A28C592490EF50004F464A /* AppDelegate.swift in Sources */ = {isa = PBXBuildFile; fileRef = 45A28C582490EF50004F464A /* AppDelegate.swift */; };
		45A28C5B2490EF51004F464A /* SceneDelegate.swift in Sources */ = {isa = PBXBuildFile; fileRef = 45A28C5A2490EF51004F464A /* SceneDelegate.swift */; };
		45A28C5D2490EF51004F464A /* ViewController.swift in Sources */ = {isa = PBXBuildFile; fileRef = 45A28C5C2490EF51004F464A /* ViewController.swift */; };
		45A28C602490EF51004F464A /* Main.storyboard in Resources */ = {isa = PBXBuildFile; fileRef = 45A28C5E2490EF51004F464A /* Main.storyboard */; };
		45A28C632490EF53004F464A /* APPLE_SSO.xcdatamodeld in Sources */ = {isa = PBXBuildFile; fileRef = 45A28C612490EF52004F464A /* APPLE_SSO.xcdatamodeld */; };
		45A28C652490EF84004F464A /* Assets.xcassets in Resources */ = {isa = PBXBuildFile; fileRef = 45A28C642490EF84004F464A /* Assets.xcassets */; };
		45A28C682490EF84004F464A /* LaunchScreen.storyboard in Resources */ = {isa = PBXBuildFile; fileRef = 45A28C662490EF84004F464A /* LaunchScreen.storyboard */; };
/* End PBXBuildFile section */

/* Begin PBXFileReference section */
		45A28C552490EF50004F464A /* APPLE SSO.app */ = {isa = PBXFileReference; explicitFileType = wrapper.application; includeInIndex = 0; path = "APPLE SSO.app"; sourceTree = BUILT_PRODUCTS_DIR; };
		45A28C582490EF50004F464A /* AppDelegate.swift */ = {isa = PBXFileReference; lastKnownFileType = sourcecode.swift; path = AppDelegate.swift; sourceTree = "<group>"; };
		45A28C5A2490EF51004F464A /* SceneDelegate.swift */ = {isa = PBXFileReference; lastKnownFileType = sourcecode.swift; path = SceneDelegate.swift; sourceTree = "<group>"; };
		45A28C5C2490EF51004F464A /* ViewController.swift */ = {isa = PBXFileReference; lastKnownFileType = sourcecode.swift; path = ViewController.swift; sourceTree = "<group>"; };
		45A28C5F2490EF51004F464A /* Base */ = {isa = PBXFileReference; lastKnownFileType = file.storyboard; name = Base; path = Base.lproj/Main.storyboard; sourceTree = "<group>"; };
		45A28C622490EF52004F464A /* APPLE_SSO.xcdatamodel */ = {isa = PBXFileReference; lastKnownFileType = wrapper.xcdatamodel; path = APPLE_SSO.xcdatamodel; sourceTree = "<group>"; };
		45A28C642490EF84004F464A /* Assets.xcassets */ = {isa = PBXFileReference; lastKnownFileType = folder.assetcatalog; path = Assets.xcassets; sourceTree = "<group>"; };
		45A28C672490EF84004F464A /* Base */ = {isa = PBXFileReference; lastKnownFileType = file.storyboard; name = Base; path = Base.lproj/LaunchScreen.storyboard; sourceTree = "<group>"; };
		45A28C692490EF84004F464A /* Info.plist */ = {isa = PBXFileReference; lastKnownFileType = text.plist.xml; path = Info.plist; sourceTree = "<group>"; };
		45A28C6F249107B6004F464A /* APPLE SSO.entitlements */ = {isa = PBXFileReference; lastKnownFileType = text.plist.entitlements; path = "APPLE SSO.entitlements"; sourceTree = "<group>"; };
/* End PBXFileReference section */

/* Begin PBXFrameworksBuildPhase section */
		45A28C522490EF50004F464A /* Frameworks */ = {
			isa = PBXFrameworksBuildPhase;
			buildActionMask = 2147483647;
			files = (
			);
			runOnlyForDeploymentPostprocessing = 0;
		};
/* End PBXFrameworksBuildPhase section */

/* Begin PBXGroup section */
		45A28C4C2490EF4F004F464A = {
			isa = PBXGroup;
			children = (
				45A28C572490EF50004F464A /* APPLE SSO */,
				45A28C562490EF50004F464A /* Products */,
			);
			sourceTree = "<group>";
		};
		45A28C562490EF50004F464A /* Products */ = {
			isa = PBXGroup;
			children = (
				45A28C552490EF50004F464A /* APPLE SSO.app */,
			);
			name = Products;
			sourceTree = "<group>";
		};
		45A28C572490EF50004F464A /* APPLE SSO */ = {
			isa = PBXGroup;
			children = (
				45A28C6F249107B6004F464A /* APPLE SSO.entitlements */,
				45A28C582490EF50004F464A /* AppDelegate.swift */,
				45A28C5A2490EF51004F464A /* SceneDelegate.swift */,
				45A28C5C2490EF51004F464A /* ViewController.swift */,
				45A28C5E2490EF51004F464A /* Main.storyboard */,
				45A28C642490EF84004F464A /* Assets.xcassets */,
				45A28C662490EF84004F464A /* LaunchScreen.storyboard */,
				45A28C692490EF84004F464A /* Info.plist */,
				45A28C612490EF52004F464A /* APPLE_SSO.xcdatamodeld */,
			);
			path = "APPLE SSO";
			sourceTree = "<group>";
		};
/* End PBXGroup section */

/* Begin PBXNativeTarget section */
		45A28C542490EF50004F464A /* APPLE SSO */ = {
			isa = PBXNativeTarget;
			buildConfigurationList = 45A28C6C2490EF84004F464A /* Build configuration list for PBXNativeTarget "APPLE SSO" */;
			buildPhases = (
				45A28C512490EF50004F464A /* Sources */,
				45A28C522490EF50004F464A /* Frameworks */,
				45A28C532490EF50004F464A /* Resources */,
			);
			buildRules = (
			);
			dependencies = (
			);
			name = "APPLE SSO";
			productName = "APPLE SSO";
			productReference = 45A28C552490EF50004F464A /* APPLE SSO.app */;
			productType = "com.apple.product-type.application";
		};
/* End PBXNativeTarget section */

/* Begin PBXProject section */
		45A28C4D2490EF4F004F464A /* Project object */ = {
			isa = PBXProject;
			attributes = {
				LastSwiftUpdateCheck = 1140;
				LastUpgradeCheck = 1140;
				ORGANIZATIONNAME = RamprasathSelvam;
				TargetAttributes = {
					45A28C542490EF50004F464A = {
						CreatedOnToolsVersion = 11.4.1;
					};
				};
			};
			buildConfigurationList = 45A28C502490EF4F004F464A /* Build configuration list for PBXProject "APPLE SSO" */;
			compatibilityVersion = "Xcode 9.3";
			developmentRegion = en;
			hasScannedForEncodings = 0;
			knownRegions = (
				en,
				Base,
			);
			mainGroup = 45A28C4C2490EF4F004F464A;
			productRefGroup = 45A28C562490EF50004F464A /* Products */;
			projectDirPath = "";
			projectRoot = "";
			targets = (
				45A28C542490EF50004F464A /* APPLE SSO */,
			);
		};
/* End PBXProject section */

/* Begin PBXResourcesBuildPhase section */
		45A28C532490EF50004F464A /* Resources */ = {
			isa = PBXResourcesBuildPhase;
			buildActionMask = 2147483647;
			files = (
				45A28C682490EF84004F464A /* LaunchScreen.storyboard in Resources */,
				45A28C652490EF84004F464A /* Assets.xcassets in Resources */,
				45A28C602490EF51004F464A /* Main.storyboard in Resources */,
			);
			runOnlyForDeploymentPostprocessing = 0;
		};
/* End PBXResourcesBuildPhase section */

/* Begin PBXSourcesBuildPhase section */
		45A28C512490EF50004F464A /* Sources */ = {
			isa = PBXSourcesBuildPhase;
			buildActionMask = 2147483647;
			files = (
				45A28C632490EF53004F464A /* APPLE_SSO.xcdatamodeld in Sources */,
				45A28C5D2490EF51004F464A /* ViewController.swift in Sources */,
				45A28C592490EF50004F464A /* AppDelegate.swift in Sources */,
				45A28C5B2490EF51004F464A /* SceneDelegate.swift in Sources */,
			);
			runOnlyForDeploymentPostprocessing = 0;
		};
/* End PBXSourcesBuildPhase section */

/* Begin PBXVariantGroup section */
		45A28C5E2490EF51004F464A /* Main.storyboard */ = {
			isa = PBXVariantGroup;
			children = (
				45A28C5F2490EF51004F464A /* Base */,
			);
			name = Main.storyboard;
			sourceTree = "<group>";
		};
		45A28C662490EF84004F464A /* LaunchScreen.storyboard */ = {
			isa = PBXVariantGroup;
			children = (
				45A28C672490EF84004F464A /* Base */,
			);
			name = LaunchScreen.storyboard;
			sourceTree = "<group>";
		};
/* End PBXVariantGroup section */

/* Begin XCBuildConfiguration section */
		45A28C6A2490EF84004F464A /* Debug */ = {
			isa = XCBuildConfiguration;
			buildSettings = {
				ALWAYS_SEARCH_USER_PATHS = NO;
				CLANG_ANALYZER_NONNULL = YES;
				CLANG_ANALYZER_NUMBER_OBJECT_CONVERSION = YES_AGGRESSIVE;
				CLANG_CXX_LANGUAGE_STANDARD = "gnu++14";
				CLANG_CXX_LIBRARY = "libc++";
				CLANG_ENABLE_MODULES = YES;
				CLANG_ENABLE_OBJC_ARC = YES;
				CLANG_ENABLE_OBJC_WEAK = YES;
				CLANG_WARN_BLOCK_CAPTURE_AUTORELEASING = YES;
				CLANG_WARN_BOOL_CONVERSION = YES;
				CLANG_WARN_COMMA = YES;
				CLANG_WARN_CONSTANT_CONVERSION = YES;
				CLANG_WARN_DEPRECATED_OBJC_IMPLEMENTATIONS = YES;
				CLANG_WARN_DIRECT_OBJC_ISA_USAGE = YES_ERROR;
				CLANG_WARN_DOCUMENTATION_COMMENTS = YES;
				CLANG_WARN_EMPTY_BODY = YES;
				CLANG_WARN_ENUM_CONVERSION = YES;
				CLANG_WARN_INFINITE_RECURSION = YES;
				CLANG_WARN_INT_CONVERSION = YES;
				CLANG_WARN_NON_LITERAL_NULL_CONVERSION = YES;
				CLANG_WARN_OBJC_IMPLICIT_RETAIN_SELF = YES;
				CLANG_WARN_OBJC_LITERAL_CONVERSION = YES;
				CLANG_WARN_OBJC_ROOT_CLASS = YES_ERROR;
				CLANG_WARN_RANGE_LOOP_ANALYSIS = YES;
				CLANG_WARN_STRICT_PROTOTYPES = YES;
				CLANG_WARN_SUSPICIOUS_MOVE = YES;
				CLANG_WARN_UNGUARDED_AVAILABILITY = YES_AGGRESSIVE;
				CLANG_WARN_UNREACHABLE_CODE = YES;
				CLANG_WARN__DUPLICATE_METHOD_MATCH = YES;
				COPY_PHASE_STRIP = NO;
				DEBUG_INFORMATION_FORMAT = dwarf;
				ENABLE_STRICT_OBJC_MSGSEND = YES;
				ENABLE_TESTABILITY = YES;
				GCC_C_LANGUAGE_STANDARD = gnu11;
				GCC_DYNAMIC_NO_PIC = NO;
				GCC_NO_COMMON_BLOCKS = YES;
				GCC_OPTIMIZATION_LEVEL = 0;
				GCC_PREPROCESSOR_DEFINITIONS = (
					"DEBUG=1",
					"$(inherited)",
				);
				GCC_WARN_64_TO_32_BIT_CONVERSION = YES;
				GCC_WARN_ABOUT_RETURN_TYPE = YES_ERROR;
				GCC_WARN_UNDECLARED_SELECTOR = YES;
				GCC_WARN_UNINITIALIZED_AUTOS = YES_AGGRESSIVE;
				GCC_WARN_UNUSED_FUNCTION = YES;
				GCC_WARN_UNUSED_VARIABLE = YES;
				IPHONEOS_DEPLOYMENT_TARGET = 13.4;
				MTL_ENABLE_DEBUG_INFO = INCLUDE_SOURCE;
				MTL_FAST_MATH = YES;
				ONLY_ACTIVE_ARCH = YES;
				SDKROOT = iphoneos;
				SWIFT_ACTIVE_COMPILATION_CONDITIONS = DEBUG;
				SWIFT_OPTIMIZATION_LEVEL = "-Onone";
			};
			name = Debug;
		};
		45A28C6B2490EF84004F464A /* Release */ = {
			isa = XCBuildConfiguration;
			buildSettings = {
				ALWAYS_SEARCH_USER_PATHS = NO;
				CLANG_ANALYZER_NONNULL = YES;
				CLANG_ANALYZER_NUMBER_OBJECT_CONVERSION = YES_AGGRESSIVE;
				CLANG_CXX_LANGUAGE_STANDARD = "gnu++14";
				CLANG_CXX_LIBRARY = "libc++";
				CLANG_ENABLE_MODULES = YES;
				CLANG_ENABLE_OBJC_ARC = YES;
				CLANG_ENABLE_OBJC_WEAK = YES;
				CLANG_WARN_BLOCK_CAPTURE_AUTORELEASING = YES;
				CLANG_WARN_BOOL_CONVERSION = YES;
				CLANG_WARN_COMMA = YES;
				CLANG_WARN_CONSTANT_CONVERSION = YES;
				CLANG_WARN_DEPRECATED_OBJC_IMPLEMENTATIONS = YES;
				CLANG_WARN_DIRECT_OBJC_ISA_USAGE = YES_ERROR;
				CLANG_WARN_DOCUMENTATION_COMMENTS = YES;
				CLANG_WARN_EMPTY_BODY = YES;
				CLANG_WARN_ENUM_CONVERSION = YES;
				CLANG_WARN_INFINITE_RECURSION = YES;
				CLANG_WARN_INT_CONVERSION = YES;
				CLANG_WARN_NON_LITERAL_NULL_CONVERSION = YES;
				CLANG_WARN_OBJC_IMPLICIT_RETAIN_SELF = YES;
				CLANG_WARN_OBJC_LITERAL_CONVERSION = YES;
				CLANG_WARN_OBJC_ROOT_CLASS = YES_ERROR;
				CLANG_WARN_RANGE_LOOP_ANALYSIS = YES;
				CLANG_WARN_STRICT_PROTOTYPES = YES;
				CLANG_WARN_SUSPICIOUS_MOVE = YES;
				CLANG_WARN_UNGUARDED_AVAILABILITY = YES_AGGRESSIVE;
				CLANG_WARN_UNREACHABLE_CODE = YES;
				CLANG_WARN__DUPLICATE_METHOD_MATCH = YES;
				COPY_PHASE_STRIP = NO;
				DEBUG_INFORMATION_FORMAT = "dwarf-with-dsym";
				ENABLE_NS_ASSERTIONS = NO;
				ENABLE_STRICT_OBJC_MSGSEND = YES;
				GCC_C_LANGUAGE_STANDARD = gnu11;
				GCC_NO_COMMON_BLOCKS = YES;
				GCC_WARN_64_TO_32_BIT_CONVERSION = YES;
				GCC_WARN_ABOUT_RETURN_TYPE = YES_ERROR;
				GCC_WARN_UNDECLARED_SELECTOR = YES;
				GCC_WARN_UNINITIALIZED_AUTOS = YES_AGGRESSIVE;
				GCC_WARN_UNUSED_FUNCTION = YES;
				GCC_WARN_UNUSED_VARIABLE = YES;
				IPHONEOS_DEPLOYMENT_TARGET = 13.4;
				MTL_ENABLE_DEBUG_INFO = NO;
				MTL_FAST_MATH = YES;
				SDKROOT = iphoneos;
				SWIFT_COMPILATION_MODE = wholemodule;
				SWIFT_OPTIMIZATION_LEVEL = "-O";
				VALIDATE_PRODUCT = YES;
			};
			name = Release;
		};
		45A28C6D2490EF84004F464A /* Debug */ = {
			isa = XCBuildConfiguration;
			buildSettings = {
				ASSETCATALOG_COMPILER_APPICON_NAME = AppIcon;
				CODE_SIGN_ENTITLEMENTS = "APPLE SSO/APPLE SSO.entitlements";
				CODE_SIGN_STYLE = Automatic;
				DEVELOPMENT_TEAM = "";
				INFOPLIST_FILE = "APPLE SSO/Info.plist";
				LD_RUNPATH_SEARCH_PATHS = (
					"$(inherited)",
					"@executable_path/Frameworks",
				);
				PRODUCT_BUNDLE_IDENTIFIER = "com.RamprasathSelvam.APPLE-SSO";
				PRODUCT_NAME = "$(TARGET_NAME)";
				SWIFT_VERSION = 5.0;
				TARGETED_DEVICE_FAMILY = "1,2";
			};
			name = Debug;
		};
		45A28C6E2490EF84004F464A /* Release */ = {
			isa = XCBuildConfiguration;
			buildSettings = {
				ASSETCATALOG_COMPILER_APPICON_NAME = AppIcon;
				CODE_SIGN_ENTITLEMENTS = "APPLE SSO/APPLE SSO.entitlements";
				CODE_SIGN_STYLE = Automatic;
				DEVELOPMENT_TEAM = "";
				INFOPLIST_FILE = "APPLE SSO/Info.plist";
				LD_RUNPATH_SEARCH_PATHS = (
					"$(inherited)",
					"@executable_path/Frameworks",
				);
				PRODUCT_BUNDLE_IDENTIFIER = "com.RamprasathSelvam.APPLE-SSO";
				PRODUCT_NAME = "$(TARGET_NAME)";
				SWIFT_VERSION = 5.0;
				TARGETED_DEVICE_FAMILY = "1,2";
			};
			name = Release;
		};
/* End XCBuildConfiguration section */

/* Begin XCConfigurationList section */
		45A28C502490EF4F004F464A /* Build configuration list for PBXProject "APPLE SSO" */ = {
			isa = XCConfigurationList;
			buildConfigurations = (
				45A28C6A2490EF84004F464A /* Debug */,
				45A28C6B2490EF84004F464A /* Release */,
			);
			defaultConfigurationIsVisible = 0;
			defaultConfigurationName = Release;
		};
		45A28C6C2490EF84004F464A /* Build configuration list for PBXNativeTarget "APPLE SSO" */ = {
			isa = XCConfigurationList;
			buildConfigurations = (
				45A28C6D2490EF84004F464A /* Debug */,
				45A28C6E2490EF84004F464A /* Release */,
			);
			defaultConfigurationIsVisible = 0;
			defaultConfigurationName = Release;
		};
/* End XCConfigurationList section */

/* Begin XCVersionGroup section */
		45A28C612490EF52004F464A /* APPLE_SSO.xcdatamodeld */ = {
			isa = XCVersionGroup;
			children = (
				45A28C622490EF52004F464A /* APPLE_SSO.xcdatamodel */,
			);
			currentVersion = 45A28C622490EF52004F464A /* APPLE_SSO.xcdatamodel */;
			path = APPLE_SSO.xcdatamodeld;
			sourceTree = "<group>";
			versionGroupType = wrapper.xcdatamodel;
		};
/* End XCVersionGroup section */
	};
	rootObject = 45A28C4D2490EF4F004F464A /* Project object */;
}
